<?xml version="1.0" encoding="utf-8"?>
<Project ToolsVersion="4.0" xmlns="http://schemas.microsoft.com/developer/msbuild/2003">
  <ItemGroup>
    <Filter Include="Generated Files">
      <UniqueIdentifier>{71ED8ED8-ACB9-4CE9-BBE1-E00B30144E11}</UniqueIdentifier>
      <Extensions>cpp;c;cxx;moc;h;def;odl;idl;res;</Extensions>
    </Filter>
    <Filter Include="Generated Files">
      <UniqueIdentifier>{71ED8ED8-ACB9-4CE9-BBE1-E00B30144E11}</UniqueIdentifier>
      <Extensions>cpp;c;cxx;moc;h;def;odl;idl;res;</Extensions>
    </Filter>
    <Filter Include="Header Files">
      <UniqueIdentifier>{93995380-89BD-4b04-88EB-625FBE52EBFB}</UniqueIdentifier>
      <Extensions>h;hpp;hxx;hm;inl;inc;xsd</Extensions>
    </Filter>
    <Filter Include="Header Files">
      <UniqueIdentifier>{93995380-89BD-4b04-88EB-625FBE52EBFB}</UniqueIdentifier>
      <Extensions>h;hpp;hxx;hm;inl;inc;xsd</Extensions>
    </Filter>
    <Filter Include="Source Files">
      <UniqueIdentifier>{4FC737F1-C7A5-4376-A066-2A32D752A2FF}</UniqueIdentifier>
      <Extensions>cpp;c;cxx;def;odl;idl;hpj;bat;asm;asmx</Extensions>
    </Filter>
    <Filter Include="Source Files">
      <UniqueIdentifier>{4FC737F1-C7A5-4376-A066-2A32D752A2FF}</UniqueIdentifier>
      <Extensions>cpp;c;cxx;def;odl;idl;hpj;bat;asm;asmx</Extensions>
    </Filter>
    <Filter Include="Generated Files\Debug">
      <UniqueIdentifier>{0be0ecf2-81e7-407d-8072-fdcb12245aa5}</UniqueIdentifier>
      <Extensions>cpp;moc</Extensions>
      <SourceControlFiles>False</SourceControlFiles>
    </Filter>
    <Filter Include="Generated Files\Release">
      <UniqueIdentifier>{089839bd-7ceb-4a6b-bb31-a018526983ed}</UniqueIdentifier>
      <Extensions>cpp;moc</Extensions>
      <SourceControlFiles>False</SourceControlFiles>
    </Filter>
  </ItemGroup>
  <ItemGroup>
    <ClCompile Include="dataproviderinfo.cpp">
      <Filter>Source Files</Filter>
    </ClCompile>
    <ClCompile Include="downloader.cpp">
      <Filter>Source Files</Filter>
    </ClCompile>
    <ClCompile Include="historydatafactory.cpp">
      <Filter>Source Files</Filter>
    </ClCompile>
    <ClCompile Include="marketinfo.cpp">
      <Filter>Source Files</Filter>
    </ClCompile>
    <ClCompile Include="quotefactory.cpp">
      <Filter>Source Files</Filter>
    </ClCompile>
    <ClCompile Include="stock.cpp">
      <Filter>Source Files</Filter>
    </ClCompile>
    <ClCompile Include="symbolutility.cpp">
      <Filter>Source Files</Filter>
    </ClCompile>
    <ClCompile Include="tickdatafactory.cpp">
      <Filter>Source Files</Filter>
    </ClCompile>
    <ClCompile Include="tickmodel.cpp">
      <Filter>Source Files</Filter>
    </ClCompile>
    <ClCompile Include="yahooquotefactory.cpp">
      <Filter>Source Files</Filter>
    </ClCompile>
    <ClCompile Include="Debug\moc_downloader.cpp">
      <Filter>Generated Files\Debug</Filter>
    </ClCompile>
    <ClCompile Include="Release\moc_downloader.cpp">
      <Filter>Generated Files\Release</Filter>
    </ClCompile>
    <ClCompile Include="Debug\moc_historydatafactory.cpp">
      <Filter>Generated Files\Debug</Filter>
    </ClCompile>
    <ClCompile Include="Release\moc_historydatafactory.cpp">
      <Filter>Generated Files\Release</Filter>
    </ClCompile>
    <ClCompile Include="Debug\moc_quotefactory.cpp">
      <Filter>Generated Files\Debug</Filter>
    </ClCompile>
    <ClCompile Include="Release\moc_quotefactory.cpp">
      <Filter>Generated Files\Release</Filter>
    </ClCompile>
    <ClCompile Include="Debug\moc_tickmodel.cpp">
      <Filter>Generated Files\Debug</Filter>
    </ClCompile>
    <ClCompile Include="Release\moc_tickmodel.cpp">
      <Filter>Generated Files\Release</Filter>
    </ClCompile>
    <ClCompile Include="Debug\moc_yahooquotefactory.cpp">
      <Filter>Generated Files\Debug</Filter>
    </ClCompile>
    <ClCompile Include="Release\moc_yahooquotefactory.cpp">
      <Filter>Generated Files\Release</Filter>
    </ClCompile>
  </ItemGroup>
  <ItemGroup>
    <ClInclude Include="dataproviderinfo.h">
      <Filter>Header Files</Filter>
    </ClInclude>
    <CustomBuild Include="downloader.h">
      <Filter>Header Files</Filter>
    </CustomBuild>
    <CustomBuild Include="historydatafactory.h">
      <Filter>Header Files</Filter>
    </CustomBuild>
    <ClInclude Include="marketinfo.h">
      <Filter>Header Files</Filter>
    </ClInclude>
    <CustomBuild Include="quotefactory.h">
      <Filter>Header Files</Filter>
    </CustomBuild>
    <ClInclude Include="stock.h">
      <Filter>Header Files</Filter>
    </ClInclude>
    <ClInclude Include="symbolutility.h">
      <Filter>Header Files</Filter>
    </ClInclude>
    <ClInclude Include="tickdatafactory.h">
      <Filter>Header Files</Filter>
    </ClInclude>
    <CustomBuild Include="tickmodel.h">
      <Filter>Header Files</Filter>
    </CustomBuild>
    <ClInclude Include="tradedata.h">
      <Filter>Header Files</Filter>
    </ClInclude>
    <ClInclude Include="tradedata_global.h">
      <Filter>Header Files</Filter>
    </ClInclude>
    <CustomBuild Include="yahooquotefactory.h">
      <Filter>Header Files</Filter>
    </CustomBuild>
  </ItemGroup>
</Project>