<?xml version="1.0" encoding="utf-8"?>
<Project ToolsVersion="4.0" xmlns="http://schemas.microsoft.com/developer/msbuild/2003">
  <ItemGroup>
    <Filter Include="Generated Files">
      <UniqueIdentifier>{71ED8ED8-ACB9-4CE9-BBE1-E00B30144E11}</UniqueIdentifier>
      <Extensions>cpp;c;cxx;moc;h;def;odl;idl;res;</Extensions>
    </Filter>
    <Filter Include="Generated Files">
      <UniqueIdentifier>{71ED8ED8-ACB9-4CE9-BBE1-E00B30144E11}</UniqueIdentifier>
      <Extensions>cpp;c;cxx;moc;h;def;odl;idl;res;</Extensions>
    </Filter>
    <Filter Include="Header Files">
      <UniqueIdentifier>{93995380-89BD-4b04-88EB-625FBE52EBFB}</UniqueIdentifier>
      <Extensions>h;hpp;hxx;hm;inl;inc;xsd</Extensions>
    </Filter>
    <Filter Include="Header Files">
      <UniqueIdentifier>{93995380-89BD-4b04-88EB-625FBE52EBFB}</UniqueIdentifier>
      <Extensions>h;hpp;hxx;hm;inl;inc;xsd</Extensions>
    </Filter>
    <Filter Include="Source Files">
      <UniqueIdentifier>{4FC737F1-C7A5-4376-A066-2A32D752A2FF}</UniqueIdentifier>
      <Extensions>cpp;c;cxx;def;odl;idl;hpj;bat;asm;asmx</Extensions>
    </Filter>
    <Filter Include="Source Files">
      <UniqueIdentifier>{4FC737F1-C7A5-4376-A066-2A32D752A2FF}</UniqueIdentifier>
      <Extensions>cpp;c;cxx;def;odl;idl;hpj;bat;asm;asmx</Extensions>
    </Filter>
    <Filter Include="Generated Files\Debug">
      <UniqueIdentifier>{a785fa1e-ed3a-46fe-9b5b-ed09cda8e16c}</UniqueIdentifier>
      <Extensions>cpp;moc</Extensions>
      <SourceControlFiles>False</SourceControlFiles>
    </Filter>
    <Filter Include="Generated Files\Release">
      <UniqueIdentifier>{84e29fd1-b70e-432d-9e9d-0b53468e7501}</UniqueIdentifier>
      <Extensions>cpp;moc</Extensions>
      <SourceControlFiles>False</SourceControlFiles>
    </Filter>
  </ItemGroup>
  <ItemGroup>
    <ClCompile Include="abstractaxis.cpp">
      <Filter>Source Files</Filter>
    </ClCompile>
    <ClCompile Include="abstractitemplot.cpp">
      <Filter>Source Files</Filter>
    </ClCompile>
    <ClCompile Include="abstractplot.cpp">
      <Filter>Source Files</Filter>
    </ClCompile>
    <ClCompile Include="abstractplotlayout.cpp">
      <Filter>Source Files</Filter>
    </ClCompile>
    <ClCompile Include="atr.cpp">
      <Filter>Source Files</Filter>
    </ClCompile>
    <ClCompile Include="axisdata.cpp">
      <Filter>Source Files</Filter>
    </ClCompile>
    <ClCompile Include="bar.cpp">
      <Filter>Source Files</Filter>
    </ClCompile>
    <ClCompile Include="bias.cpp">
      <Filter>Source Files</Filter>
    </ClCompile>
    <ClCompile Include="boll.cpp">
      <Filter>Source Files</Filter>
    </ClCompile>
    <ClCompile Include="candlestick.cpp">
      <Filter>Source Files</Filter>
    </ClCompile>
    <ClCompile Include="close.cpp">
      <Filter>Source Files</Filter>
    </ClCompile>
    <ClCompile Include="datescaledraw.cpp">
      <Filter>Source Files</Filter>
    </ClCompile>
    <ClCompile Include="datescalemap.cpp">
      <Filter>Source Files</Filter>
    </ClCompile>
    <ClCompile Include="datescalewidget.cpp">
      <Filter>Source Files</Filter>
    </ClCompile>
    <ClCompile Include="datesequence.cpp">
      <Filter>Source Files</Filter>
    </ClCompile>
    <ClCompile Include="datesequencetransform.cpp">
      <Filter>Source Files</Filter>
    </ClCompile>
    <ClCompile Include="dmi.cpp">
      <Filter>Source Files</Filter>
    </ClCompile>
    <ClCompile Include="ema.cpp">
      <Filter>Source Files</Filter>
    </ClCompile>
    <ClCompile Include="globalaverage.cpp">
      <Filter>Source Files</Filter>
    </ClCompile>
    <ClCompile Include="high.cpp">
      <Filter>Source Files</Filter>
    </ClCompile>
    <ClCompile Include="kdj.cpp">
      <Filter>Source Files</Filter>
    </ClCompile>
    <ClCompile Include="low.cpp">
      <Filter>Source Files</Filter>
    </ClCompile>
    <ClCompile Include="ma.cpp">
      <Filter>Source Files</Filter>
    </ClCompile>
    <ClCompile Include="macd.cpp">
      <Filter>Source Files</Filter>
    </ClCompile>
    <ClCompile Include="mavol.cpp">
      <Filter>Source Files</Filter>
    </ClCompile>
    <ClCompile Include="multicanvasplot.cpp">
      <Filter>Source Files</Filter>
    </ClCompile>
    <ClCompile Include="percentageaxis.cpp">
      <Filter>Source Files</Filter>
    </ClCompile>
    <ClCompile Include="percentagescaledraw.cpp">
      <Filter>Source Files</Filter>
    </ClCompile>
    <ClCompile Include="pivotpoint.cpp">
      <Filter>Source Files</Filter>
    </ClCompile>
    <ClCompile Include="plaincurve.cpp">
      <Filter>Source Files</Filter>
    </ClCompile>
    <ClCompile Include="plotablecurve.cpp">
      <Filter>Source Files</Filter>
    </ClCompile>
    <ClCompile Include="plotablecurvefactory.cpp">
      <Filter>Source Files</Filter>
    </ClCompile>
    <ClCompile Include="plotableitem.cpp">
      <Filter>Source Files</Filter>
    </ClCompile>
    <ClCompile Include="realtimecurveplot.cpp">
      <Filter>Source Files</Filter>
    </ClCompile>
    <ClCompile Include="realtimeplot.cpp">
      <Filter>Source Files</Filter>
    </ClCompile>
    <ClCompile Include="realtimeplotpanel.cpp">
      <Filter>Source Files</Filter>
    </ClCompile>
    <ClCompile Include="realtimevolume.cpp">
      <Filter>Source Files</Filter>
    </ClCompile>
    <ClCompile Include="restingordertable.cpp">
      <Filter>Source Files</Filter>
    </ClCompile>
    <ClCompile Include="simpleplot.cpp">
      <Filter>Source Files</Filter>
    </ClCompile>
    <ClCompile Include="simpleplotcanvas.cpp">
      <Filter>Source Files</Filter>
    </ClCompile>
    <ClCompile Include="simpleplotlayout.cpp">
      <Filter>Source Files</Filter>
    </ClCompile>
    <ClCompile Include="simplescaledraw.cpp">
      <Filter>Source Files</Filter>
    </ClCompile>
    <ClCompile Include="simplescalewidget.cpp">
      <Filter>Source Files</Filter>
    </ClCompile>
    <ClCompile Include="splitterplotcanvas.cpp">
      <Filter>Source Files</Filter>
    </ClCompile>
    <ClCompile Include="splitterscaledraw.cpp">
      <Filter>Source Files</Filter>
    </ClCompile>
    <ClCompile Include="splitterscalewidget.cpp">
      <Filter>Source Files</Filter>
    </ClCompile>
    <ClCompile Include="std.cpp">
      <Filter>Source Files</Filter>
    </ClCompile>
    <ClCompile Include="ticktable.cpp">
      <Filter>Source Files</Filter>
    </ClCompile>
    <ClCompile Include="titledplotaxis.cpp">
      <Filter>Source Files</Filter>
    </ClCompile>
    <ClCompile Include="tr.cpp">
      <Filter>Source Files</Filter>
    </ClCompile>
    <ClCompile Include="traceplot.cpp">
      <Filter>Source Files</Filter>
    </ClCompile>
    <ClCompile Include="traceplotcanvas.cpp">
      <Filter>Source Files</Filter>
    </ClCompile>
    <ClCompile Include="tracescaledraw.cpp">
      <Filter>Source Files</Filter>
    </ClCompile>
    <ClCompile Include="tracescalewidget.cpp">
      <Filter>Source Files</Filter>
    </ClCompile>
    <ClCompile Include="tradingcurveplot.cpp">
      <Filter>Source Files</Filter>
    </ClCompile>
    <ClCompile Include="tradingcurveplotpanel.cpp">
      <Filter>Source Files</Filter>
    </ClCompile>
    <ClCompile Include="tradingcurvescaleengine.cpp">
      <Filter>Source Files</Filter>
    </ClCompile>
    <ClCompile Include="volume.cpp">
      <Filter>Source Files</Filter>
    </ClCompile>
    <ClCompile Include="wms.cpp">
      <Filter>Source Files</Filter>
    </ClCompile>
    <ClCompile Include="Debug\moc_abstractaxis.cpp">
      <Filter>Generated Files\Debug</Filter>
    </ClCompile>
    <ClCompile Include="Release\moc_abstractaxis.cpp">
      <Filter>Generated Files\Release</Filter>
    </ClCompile>
    <ClCompile Include="Debug\moc_abstractitemplot.cpp">
      <Filter>Generated Files\Debug</Filter>
    </ClCompile>
    <ClCompile Include="Release\moc_abstractitemplot.cpp">
      <Filter>Generated Files\Release</Filter>
    </ClCompile>
    <ClCompile Include="Debug\moc_multicanvasplot.cpp">
      <Filter>Generated Files\Debug</Filter>
    </ClCompile>
    <ClCompile Include="Release\moc_multicanvasplot.cpp">
      <Filter>Generated Files\Release</Filter>
    </ClCompile>
    <ClCompile Include="Debug\moc_percentageaxis.cpp">
      <Filter>Generated Files\Debug</Filter>
    </ClCompile>
    <ClCompile Include="Release\moc_percentageaxis.cpp">
      <Filter>Generated Files\Release</Filter>
    </ClCompile>
    <ClCompile Include="Debug\moc_realtimecurveplot.cpp">
      <Filter>Generated Files\Debug</Filter>
    </ClCompile>
    <ClCompile Include="Release\moc_realtimecurveplot.cpp">
      <Filter>Generated Files\Release</Filter>
    </ClCompile>
    <ClCompile Include="Debug\moc_realtimeplot.cpp">
      <Filter>Generated Files\Debug</Filter>
    </ClCompile>
    <ClCompile Include="Release\moc_realtimeplot.cpp">
      <Filter>Generated Files\Release</Filter>
    </ClCompile>
    <ClCompile Include="Debug\moc_realtimeplotpanel.cpp">
      <Filter>Generated Files\Debug</Filter>
    </ClCompile>
    <ClCompile Include="Release\moc_realtimeplotpanel.cpp">
      <Filter>Generated Files\Release</Filter>
    </ClCompile>
    <ClCompile Include="Debug\moc_restingordertable.cpp">
      <Filter>Generated Files\Debug</Filter>
    </ClCompile>
    <ClCompile Include="Release\moc_restingordertable.cpp">
      <Filter>Generated Files\Release</Filter>
    </ClCompile>
    <ClCompile Include="Debug\moc_simpleplot.cpp">
      <Filter>Generated Files\Debug</Filter>
    </ClCompile>
    <ClCompile Include="Release\moc_simpleplot.cpp">
      <Filter>Generated Files\Release</Filter>
    </ClCompile>
    <ClCompile Include="Debug\moc_simpleplotcanvas.cpp">
      <Filter>Generated Files\Debug</Filter>
    </ClCompile>
    <ClCompile Include="Release\moc_simpleplotcanvas.cpp">
      <Filter>Generated Files\Release</Filter>
    </ClCompile>
    <ClCompile Include="Debug\moc_simplescalewidget.cpp">
      <Filter>Generated Files\Debug</Filter>
    </ClCompile>
    <ClCompile Include="Release\moc_simplescalewidget.cpp">
      <Filter>Generated Files\Release</Filter>
    </ClCompile>
    <ClCompile Include="Debug\moc_splitterplotcanvas.cpp">
      <Filter>Generated Files\Debug</Filter>
    </ClCompile>
    <ClCompile Include="Release\moc_splitterplotcanvas.cpp">
      <Filter>Generated Files\Release</Filter>
    </ClCompile>
    <ClCompile Include="Debug\moc_splitterscalewidget.cpp">
      <Filter>Generated Files\Debug</Filter>
    </ClCompile>
    <ClCompile Include="Release\moc_splitterscalewidget.cpp">
      <Filter>Generated Files\Release</Filter>
    </ClCompile>
    <ClCompile Include="Debug\moc_ticktable.cpp">
      <Filter>Generated Files\Debug</Filter>
    </ClCompile>
    <ClCompile Include="Release\moc_ticktable.cpp">
      <Filter>Generated Files\Release</Filter>
    </ClCompile>
    <ClCompile Include="Debug\moc_titledplotaxis.cpp">
      <Filter>Generated Files\Debug</Filter>
    </ClCompile>
    <ClCompile Include="Release\moc_titledplotaxis.cpp">
      <Filter>Generated Files\Release</Filter>
    </ClCompile>
    <ClCompile Include="Debug\moc_traceplot.cpp">
      <Filter>Generated Files\Debug</Filter>
    </ClCompile>
    <ClCompile Include="Release\moc_traceplot.cpp">
      <Filter>Generated Files\Release</Filter>
    </ClCompile>
    <ClCompile Include="Debug\moc_traceplotcanvas.cpp">
      <Filter>Generated Files\Debug</Filter>
    </ClCompile>
    <ClCompile Include="Release\moc_traceplotcanvas.cpp">
      <Filter>Generated Files\Release</Filter>
    </ClCompile>
    <ClCompile Include="Debug\moc_tracescalewidget.cpp">
      <Filter>Generated Files\Debug</Filter>
    </ClCompile>
    <ClCompile Include="Release\moc_tracescalewidget.cpp">
      <Filter>Generated Files\Release</Filter>
    </ClCompile>
    <ClCompile Include="Debug\moc_tradingcurveplot.cpp">
      <Filter>Generated Files\Debug</Filter>
    </ClCompile>
    <ClCompile Include="Release\moc_tradingcurveplot.cpp">
      <Filter>Generated Files\Release</Filter>
    </ClCompile>
    <ClCompile Include="Debug\moc_tradingcurveplotpanel.cpp">
      <Filter>Generated Files\Debug</Filter>
    </ClCompile>
    <ClCompile Include="Release\moc_tradingcurveplotpanel.cpp">
      <Filter>Generated Files\Release</Filter>
    </ClCompile>
  </ItemGroup>
  <ItemGroup>
    <CustomBuild Include="abstractaxis.h">
      <Filter>Header Files</Filter>
    </CustomBuild>
    <CustomBuild Include="abstractitemplot.h">
      <Filter>Header Files</Filter>
    </CustomBuild>
    <ClInclude Include="abstractplot.h">
      <Filter>Header Files</Filter>
    </ClInclude>
    <ClInclude Include="abstractplotlayout.h">
      <Filter>Header Files</Filter>
    </ClInclude>
    <ClInclude Include="atr.h">
      <Filter>Header Files</Filter>
    </ClInclude>
    <ClInclude Include="axisdata.h">
      <Filter>Header Files</Filter>
    </ClInclude>
    <ClInclude Include="bar.h">
      <Filter>Header Files</Filter>
    </ClInclude>
    <ClInclude Include="bias.h">
      <Filter>Header Files</Filter>
    </ClInclude>
    <ClInclude Include="boll.h">
      <Filter>Header Files</Filter>
    </ClInclude>
    <ClInclude Include="candlestick.h">
      <Filter>Header Files</Filter>
    </ClInclude>
    <ClInclude Include="close.h">
      <Filter>Header Files</Filter>
    </ClInclude>
    <ClInclude Include="datescaledraw.h">
      <Filter>Header Files</Filter>
    </ClInclude>
    <ClInclude Include="datescalemap.h">
      <Filter>Header Files</Filter>
    </ClInclude>
    <ClInclude Include="datescalewidget.h">
      <Filter>Header Files</Filter>
    </ClInclude>
    <ClInclude Include="datesequence.h">
      <Filter>Header Files</Filter>
    </ClInclude>
    <ClInclude Include="datesequencetransform.h">
      <Filter>Header Files</Filter>
    </ClInclude>
    <ClInclude Include="dmi.h">
      <Filter>Header Files</Filter>
    </ClInclude>
    <ClInclude Include="ema.h">
      <Filter>Header Files</Filter>
    </ClInclude>
    <ClInclude Include="globalaverage.h">
      <Filter>Header Files</Filter>
    </ClInclude>
    <ClInclude Include="high.h">
      <Filter>Header Files</Filter>
    </ClInclude>
    <ClInclude Include="kdj.h">
      <Filter>Header Files</Filter>
    </ClInclude>
    <ClInclude Include="low.h">
      <Filter>Header Files</Filter>
    </ClInclude>
    <ClInclude Include="ma.h">
      <Filter>Header Files</Filter>
    </ClInclude>
    <ClInclude Include="macd.h">
      <Filter>Header Files</Filter>
    </ClInclude>
    <ClInclude Include="mavol.h">
      <Filter>Header Files</Filter>
    </ClInclude>
    <CustomBuild Include="multicanvasplot.h">
      <Filter>Header Files</Filter>
    </CustomBuild>
    <CustomBuild Include="percentageaxis.h">
      <Filter>Header Files</Filter>
    </CustomBuild>
    <ClInclude Include="percentagescaledraw.h">
      <Filter>Header Files</Filter>
    </ClInclude>
    <ClInclude Include="pivotpoint.h">
      <Filter>Header Files</Filter>
    </ClInclude>
    <ClInclude Include="plaincurve.h">
      <Filter>Header Files</Filter>
    </ClInclude>
    <ClInclude Include="plotablecurve.h">
      <Filter>Header Files</Filter>
    </ClInclude>
    <ClInclude Include="plotablecurvefactory.h">
      <Filter>Header Files</Filter>
    </ClInclude>
    <ClInclude Include="plotableitem.h">
      <Filter>Header Files</Filter>
    </ClInclude>
    <CustomBuild Include="realtimecurveplot.h">
      <Filter>Header Files</Filter>
    </CustomBuild>
    <CustomBuild Include="realtimeplot.h">
      <Filter>Header Files</Filter>
    </CustomBuild>
    <CustomBuild Include="realtimeplotpanel.h">
      <Filter>Header Files</Filter>
    </CustomBuild>
    <ClInclude Include="realtimevolume.h">
      <Filter>Header Files</Filter>
    </ClInclude>
    <CustomBuild Include="restingordertable.h">
      <Filter>Header Files</Filter>
    </CustomBuild>
    <CustomBuild Include="simpleplot.h">
      <Filter>Header Files</Filter>
    </CustomBuild>
    <CustomBuild Include="simpleplotcanvas.h">
      <Filter>Header Files</Filter>
    </CustomBuild>
    <ClInclude Include="simpleplotlayout.h">
      <Filter>Header Files</Filter>
    </ClInclude>
    <ClInclude Include="simplescaledraw.h">
      <Filter>Header Files</Filter>
    </ClInclude>
    <CustomBuild Include="simplescalewidget.h">
      <Filter>Header Files</Filter>
    </CustomBuild>
    <CustomBuild Include="splitterplotcanvas.h">
      <Filter>Header Files</Filter>
    </CustomBuild>
    <ClInclude Include="splitterscaledraw.h">
      <Filter>Header Files</Filter>
    </ClInclude>
    <CustomBuild Include="splitterscalewidget.h">
      <Filter>Header Files</Filter>
    </CustomBuild>
    <ClInclude Include="std.h">
      <Filter>Header Files</Filter>
    </ClInclude>
    <CustomBuild Include="ticktable.h">
      <Filter>Header Files</Filter>
    </CustomBuild>
    <CustomBuild Include="titledplotaxis.h">
      <Filter>Header Files</Filter>
    </CustomBuild>
    <ClInclude Include="tr.h">
      <Filter>Header Files</Filter>
    </ClInclude>
    <CustomBuild Include="traceplot.h">
      <Filter>Header Files</Filter>
    </CustomBuild>
    <CustomBuild Include="traceplotcanvas.h">
      <Filter>Header Files</Filter>
    </CustomBuild>
    <ClInclude Include="tracescaledraw.h">
      <Filter>Header Files</Filter>
    </ClInclude>
    <CustomBuild Include="tracescalewidget.h">
      <Filter>Header Files</Filter>
    </CustomBuild>
    <CustomBuild Include="tradingcurveplot.h">
      <Filter>Header Files</Filter>
    </CustomBuild>
    <CustomBuild Include="tradingcurveplotpanel.h">
      <Filter>Header Files</Filter>
    </CustomBuild>
    <ClInclude Include="tradingcurvescaleengine.h">
      <Filter>Header Files</Filter>
    </ClInclude>
    <ClInclude Include="tradingcurvewidgets_global.h">
      <Filter>Header Files</Filter>
    </ClInclude>
    <ClInclude Include="volume.h">
      <Filter>Header Files</Filter>
    </ClInclude>
    <ClInclude Include="wms.h">
      <Filter>Header Files</Filter>
    </ClInclude>
  </ItemGroup>
</Project>